// !$*UTF8*$!
{
	archiveVersion = 1;
	classes = {
	};
	objectVersion = 46;
	objects = {

/* Begin PBXBuildFile section */
		08733204475A4C52AF1254B5 /* Pods.framework in Frameworks */ = {isa = PBXBuildFile; fileRef = 3BE9F1BE205605BB79EEB1CB /* Pods.framework */; };
		430E9B221BF0EC5200937E34 /* DepositNewResponse.swift in Sources */ = {isa = PBXBuildFile; fileRef = 430E9B211BF0EC5200937E34 /* DepositNewResponse.swift */; };
		434EC3141BED6C230037A2F3 /* OrderType.swift in Sources */ = {isa = PBXBuildFile; fileRef = 434EC3131BED6C230037A2F3 /* OrderType.swift */; };
		434EC3161BED6DC10037A2F3 /* TradeType.swift in Sources */ = {isa = PBXBuildFile; fileRef = 434EC3151BED6DC10037A2F3 /* TradeType.swift */; };
		434EC3181BED6E3B0037A2F3 /* DepositMethod.swift in Sources */ = {isa = PBXBuildFile; fileRef = 434EC3171BED6E3B0037A2F3 /* DepositMethod.swift */; };
		434EC31A1BED6EA10037A2F3 /* WalletType.swift in Sources */ = {isa = PBXBuildFile; fileRef = 434EC3191BED6EA10037A2F3 /* WalletType.swift */; };
		434EC31C1BED6F980037A2F3 /* OrderSide.swift in Sources */ = {isa = PBXBuildFile; fileRef = 434EC31B1BED6F980037A2F3 /* OrderSide.swift */; };
		434EC31E1BED70900037A2F3 /* FundingDirection.swift in Sources */ = {isa = PBXBuildFile; fileRef = 434EC31D1BED70900037A2F3 /* FundingDirection.swift */; };
		434EC3201BED91CB0037A2F3 /* Symbol.swift in Sources */ = {isa = PBXBuildFile; fileRef = 434EC31F1BED91CB0037A2F3 /* Symbol.swift */; };
		434EC3231BED92320037A2F3 /* BitfinexAPI.swift in Sources */ = {isa = PBXBuildFile; fileRef = 434EC3221BED92320037A2F3 /* BitfinexAPI.swift */; };
		434EC3271BEE24550037A2F3 /* Extensions.swift in Sources */ = {isa = PBXBuildFile; fileRef = 434EC3261BEE24550037A2F3 /* Extensions.swift */; };
		434EC32A1BEE2C540037A2F3 /* AccountInfoResponse.swift in Sources */ = {isa = PBXBuildFile; fileRef = 434EC3291BEE2C540037A2F3 /* AccountInfoResponse.swift */; };
		434EC32D1BEE2CC00037A2F3 /* ResponseSerializers.swift in Sources */ = {isa = PBXBuildFile; fileRef = 434EC32C1BEE2CC00037A2F3 /* ResponseSerializers.swift */; };
		434EC32F1BEE2E520037A2F3 /* Currency.swift in Sources */ = {isa = PBXBuildFile; fileRef = 434EC32E1BEE2E520037A2F3 /* Currency.swift */; };
		434EC3311BEE2EA20037A2F3 /* Fees.swift in Sources */ = {isa = PBXBuildFile; fileRef = 434EC3301BEE2EA20037A2F3 /* Fees.swift */; };
		434EC3371BEE3C0A0037A2F3 /* JSONErrors.swift in Sources */ = {isa = PBXBuildFile; fileRef = 434EC3361BEE3C0A0037A2F3 /* JSONErrors.swift */; };
		434EC3391BEE3DA80037A2F3 /* ResponseObjectSerializable.swift in Sources */ = {isa = PBXBuildFile; fileRef = 434EC3381BEE3DA80037A2F3 /* ResponseObjectSerializable.swift */; };
		43820EBE1BEB4EA800D095B8 /* CryptoSwift.framework in Frameworks */ = {isa = PBXBuildFile; fileRef = 43820EBD1BEB4EA800D095B8 /* CryptoSwift.framework */; };
		4386BEEF1BEAA46E006BBED4 /* BitfinexSwiftAPI.h in Headers */ = {isa = PBXBuildFile; fileRef = 4386BEEE1BEAA46E006BBED4 /* BitfinexSwiftAPI.h */; settings = {ATTRIBUTES = (Public, ); }; };
		4386BEF61BEAA46E006BBED4 /* BitfinexSwiftAPI.framework in Frameworks */ = {isa = PBXBuildFile; fileRef = 4386BEEB1BEAA46E006BBED4 /* BitfinexSwiftAPI.framework */; };
		4386BEFB1BEAA46E006BBED4 /* BitfinexSwiftAPITests.swift in Sources */ = {isa = PBXBuildFile; fileRef = 4386BEFA1BEAA46E006BBED4 /* BitfinexSwiftAPITests.swift */; };
		4386BF081BEAA503006BBED4 /* Client.swift in Sources */ = {isa = PBXBuildFile; fileRef = 4386BF071BEAA503006BBED4 /* Client.swift */; };
		4386BF0A1BEAA515006BBED4 /* TickerResponse.swift in Sources */ = {isa = PBXBuildFile; fileRef = 4386BF091BEAA515006BBED4 /* TickerResponse.swift */; };
		43AE1FF51BF4B88C00F1982E /* OrdersRouter.swift in Sources */ = {isa = PBXBuildFile; fileRef = 43AE1FF41BF4B88C00F1982E /* OrdersRouter.swift */; };
		43AE1FF71BF4B8C600F1982E /* BitfinexRouters.swift in Sources */ = {isa = PBXBuildFile; fileRef = 43AE1FF61BF4B8C600F1982E /* BitfinexRouters.swift */; };
		43AE1FF91BF4B9F500F1982E /* PublicRouter.swift in Sources */ = {isa = PBXBuildFile; fileRef = 43AE1FF81BF4B9F500F1982E /* PublicRouter.swift */; };
		43AE1FFC1BF4D03D00F1982E /* StatsResponse.swift in Sources */ = {isa = PBXBuildFile; fileRef = 43AE1FFB1BF4D03D00F1982E /* StatsResponse.swift */; };
		43BD2FD61BEB3D68004131FB /* Stat.swift in Sources */ = {isa = PBXBuildFile; fileRef = 43BD2FD51BEB3D68004131FB /* Stat.swift */; };
		43C38A2E1BF4D7810013B6F3 /* SymbolsResponse.swift in Sources */ = {isa = PBXBuildFile; fileRef = 43C38A2D1BF4D7810013B6F3 /* SymbolsResponse.swift */; };
		43C38A301BF4DB530013B6F3 /* FundingbookResponse.swift in Sources */ = {isa = PBXBuildFile; fileRef = 43C38A2F1BF4DB530013B6F3 /* FundingbookResponse.swift */; };
		43C38A321BF4DBD00013B6F3 /* Fundingbook.swift in Sources */ = {isa = PBXBuildFile; fileRef = 43C38A311BF4DBD00013B6F3 /* Fundingbook.swift */; };
		43C38A341BF4F2E10013B6F3 /* OrderbookResponse.swift in Sources */ = {isa = PBXBuildFile; fileRef = 43C38A331BF4F2E10013B6F3 /* OrderbookResponse.swift */; };
		43C38A361BF4F8270013B6F3 /* TradesResponse.swift in Sources */ = {isa = PBXBuildFile; fileRef = 43C38A351BF4F8270013B6F3 /* TradesResponse.swift */; };
		43C38A391BF4F8F20013B6F3 /* Trade.swift in Sources */ = {isa = PBXBuildFile; fileRef = 43C38A381BF4F8F20013B6F3 /* Trade.swift */; };
/* End PBXBuildFile section */

/* Begin PBXContainerItemProxy section */
		4386BEF71BEAA46E006BBED4 /* PBXContainerItemProxy */ = {
			isa = PBXContainerItemProxy;
			containerPortal = 4386BEE21BEAA46E006BBED4 /* Project object */;
			proxyType = 1;
			remoteGlobalIDString = 4386BEEA1BEAA46E006BBED4;
			remoteInfo = BitfinexSwiftAPI;
		};
/* End PBXContainerItemProxy section */

/* Begin PBXFileReference section */
		3BE9F1BE205605BB79EEB1CB /* Pods.framework */ = {isa = PBXFileReference; explicitFileType = wrapper.framework; includeInIndex = 0; path = Pods.framework; sourceTree = BUILT_PRODUCTS_DIR; };
		430E9B211BF0EC5200937E34 /* DepositNewResponse.swift */ = {isa = PBXFileReference; fileEncoding = 4; lastKnownFileType = sourcecode.swift; path = DepositNewResponse.swift; sourceTree = "<group>"; };
		434EC3131BED6C230037A2F3 /* OrderType.swift */ = {isa = PBXFileReference; fileEncoding = 4; lastKnownFileType = sourcecode.swift; path = OrderType.swift; sourceTree = "<group>"; };
		434EC3151BED6DC10037A2F3 /* TradeType.swift */ = {isa = PBXFileReference; fileEncoding = 4; lastKnownFileType = sourcecode.swift; path = TradeType.swift; sourceTree = "<group>"; };
		434EC3171BED6E3B0037A2F3 /* DepositMethod.swift */ = {isa = PBXFileReference; fileEncoding = 4; lastKnownFileType = sourcecode.swift; path = DepositMethod.swift; sourceTree = "<group>"; };
		434EC3191BED6EA10037A2F3 /* WalletType.swift */ = {isa = PBXFileReference; fileEncoding = 4; lastKnownFileType = sourcecode.swift; path = WalletType.swift; sourceTree = "<group>"; };
		434EC31B1BED6F980037A2F3 /* OrderSide.swift */ = {isa = PBXFileReference; fileEncoding = 4; lastKnownFileType = sourcecode.swift; path = OrderSide.swift; sourceTree = "<group>"; };
		434EC31D1BED70900037A2F3 /* FundingDirection.swift */ = {isa = PBXFileReference; fileEncoding = 4; lastKnownFileType = sourcecode.swift; path = FundingDirection.swift; sourceTree = "<group>"; };
		434EC31F1BED91CB0037A2F3 /* Symbol.swift */ = {isa = PBXFileReference; fileEncoding = 4; lastKnownFileType = sourcecode.swift; path = Symbol.swift; sourceTree = "<group>"; };
		434EC3221BED92320037A2F3 /* BitfinexAPI.swift */ = {isa = PBXFileReference; fileEncoding = 4; lastKnownFileType = sourcecode.swift; path = BitfinexAPI.swift; sourceTree = "<group>"; };
		434EC3261BEE24550037A2F3 /* Extensions.swift */ = {isa = PBXFileReference; fileEncoding = 4; lastKnownFileType = sourcecode.swift; path = Extensions.swift; sourceTree = "<group>"; };
		434EC3291BEE2C540037A2F3 /* AccountInfoResponse.swift */ = {isa = PBXFileReference; fileEncoding = 4; lastKnownFileType = sourcecode.swift; path = AccountInfoResponse.swift; sourceTree = "<group>"; };
		434EC32C1BEE2CC00037A2F3 /* ResponseSerializers.swift */ = {isa = PBXFileReference; fileEncoding = 4; lastKnownFileType = sourcecode.swift; path = ResponseSerializers.swift; sourceTree = "<group>"; };
		434EC32E1BEE2E520037A2F3 /* Currency.swift */ = {isa = PBXFileReference; fileEncoding = 4; lastKnownFileType = sourcecode.swift; path = Currency.swift; sourceTree = "<group>"; };
		434EC3301BEE2EA20037A2F3 /* Fees.swift */ = {isa = PBXFileReference; fileEncoding = 4; lastKnownFileType = sourcecode.swift; path = Fees.swift; sourceTree = "<group>"; };
		434EC3361BEE3C0A0037A2F3 /* JSONErrors.swift */ = {isa = PBXFileReference; fileEncoding = 4; lastKnownFileType = sourcecode.swift; path = JSONErrors.swift; sourceTree = "<group>"; };
		434EC3381BEE3DA80037A2F3 /* ResponseObjectSerializable.swift */ = {isa = PBXFileReference; fileEncoding = 4; lastKnownFileType = sourcecode.swift; path = ResponseObjectSerializable.swift; sourceTree = "<group>"; };
		43820EBD1BEB4EA800D095B8 /* CryptoSwift.framework */ = {isa = PBXFileReference; lastKnownFileType = wrapper.framework; name = CryptoSwift.framework; path = "../../Library/Developer/Xcode/DerivedData/BitfinexSwiftAPI-fgmlprkllddmkhbvdulnrsoigyot/Build/Products/Debug/CryptoSwift.framework"; sourceTree = "<group>"; };
		4386BEEB1BEAA46E006BBED4 /* BitfinexSwiftAPI.framework */ = {isa = PBXFileReference; explicitFileType = wrapper.framework; includeInIndex = 0; path = BitfinexSwiftAPI.framework; sourceTree = BUILT_PRODUCTS_DIR; };
		4386BEEE1BEAA46E006BBED4 /* BitfinexSwiftAPI.h */ = {isa = PBXFileReference; lastKnownFileType = sourcecode.c.h; path = BitfinexSwiftAPI.h; sourceTree = "<group>"; };
		4386BEF01BEAA46E006BBED4 /* Info.plist */ = {isa = PBXFileReference; lastKnownFileType = text.plist.xml; path = Info.plist; sourceTree = "<group>"; };
		4386BEF51BEAA46E006BBED4 /* BitfinexSwiftAPITests.xctest */ = {isa = PBXFileReference; explicitFileType = wrapper.cfbundle; includeInIndex = 0; path = BitfinexSwiftAPITests.xctest; sourceTree = BUILT_PRODUCTS_DIR; };
		4386BEFA1BEAA46E006BBED4 /* BitfinexSwiftAPITests.swift */ = {isa = PBXFileReference; lastKnownFileType = sourcecode.swift; path = BitfinexSwiftAPITests.swift; sourceTree = "<group>"; };
		4386BEFC1BEAA46E006BBED4 /* Info.plist */ = {isa = PBXFileReference; lastKnownFileType = text.plist.xml; path = Info.plist; sourceTree = "<group>"; };
		4386BF071BEAA503006BBED4 /* Client.swift */ = {isa = PBXFileReference; fileEncoding = 4; lastKnownFileType = sourcecode.swift; path = Client.swift; sourceTree = "<group>"; };
		4386BF091BEAA515006BBED4 /* TickerResponse.swift */ = {isa = PBXFileReference; fileEncoding = 4; lastKnownFileType = sourcecode.swift; path = TickerResponse.swift; sourceTree = "<group>"; };
		43AE1FF41BF4B88C00F1982E /* OrdersRouter.swift */ = {isa = PBXFileReference; fileEncoding = 4; lastKnownFileType = sourcecode.swift; path = OrdersRouter.swift; sourceTree = "<group>"; };
		43AE1FF61BF4B8C600F1982E /* BitfinexRouters.swift */ = {isa = PBXFileReference; fileEncoding = 4; lastKnownFileType = sourcecode.swift; path = BitfinexRouters.swift; sourceTree = "<group>"; };
		43AE1FF81BF4B9F500F1982E /* PublicRouter.swift */ = {isa = PBXFileReference; fileEncoding = 4; lastKnownFileType = sourcecode.swift; path = PublicRouter.swift; sourceTree = "<group>"; };
		43AE1FFB1BF4D03D00F1982E /* StatsResponse.swift */ = {isa = PBXFileReference; fileEncoding = 4; lastKnownFileType = sourcecode.swift; path = StatsResponse.swift; sourceTree = "<group>"; };
		43BD2FD51BEB3D68004131FB /* Stat.swift */ = {isa = PBXFileReference; fileEncoding = 4; lastKnownFileType = sourcecode.swift; path = Stat.swift; sourceTree = "<group>"; };
		43C38A2D1BF4D7810013B6F3 /* SymbolsResponse.swift */ = {isa = PBXFileReference; fileEncoding = 4; lastKnownFileType = sourcecode.swift; path = SymbolsResponse.swift; sourceTree = "<group>"; };
		43C38A2F1BF4DB530013B6F3 /* FundingbookResponse.swift */ = {isa = PBXFileReference; fileEncoding = 4; lastKnownFileType = sourcecode.swift; path = FundingbookResponse.swift; sourceTree = "<group>"; };
		43C38A311BF4DBD00013B6F3 /* Fundingbook.swift */ = {isa = PBXFileReference; fileEncoding = 4; lastKnownFileType = sourcecode.swift; path = Fundingbook.swift; sourceTree = "<group>"; };
		43C38A331BF4F2E10013B6F3 /* OrderbookResponse.swift */ = {isa = PBXFileReference; fileEncoding = 4; lastKnownFileType = sourcecode.swift; path = OrderbookResponse.swift; sourceTree = "<group>"; };
		43C38A351BF4F8270013B6F3 /* TradesResponse.swift */ = {isa = PBXFileReference; fileEncoding = 4; lastKnownFileType = sourcecode.swift; path = TradesResponse.swift; sourceTree = "<group>"; };
		43C38A381BF4F8F20013B6F3 /* Trade.swift */ = {isa = PBXFileReference; fileEncoding = 4; lastKnownFileType = sourcecode.swift; path = Trade.swift; sourceTree = "<group>"; };
		869F71E4AB198A45D2150D55 /* Pods.release.xcconfig */ = {isa = PBXFileReference; includeInIndex = 1; lastKnownFileType = text.xcconfig; name = Pods.release.xcconfig; path = "Pods/Target Support Files/Pods/Pods.release.xcconfig"; sourceTree = "<group>"; };
		B72AE5FCEE84EDF49C2EEF6E /* Pods.debug.xcconfig */ = {isa = PBXFileReference; includeInIndex = 1; lastKnownFileType = text.xcconfig; name = Pods.debug.xcconfig; path = "Pods/Target Support Files/Pods/Pods.debug.xcconfig"; sourceTree = "<group>"; };
/* End PBXFileReference section */

/* Begin PBXFrameworksBuildPhase section */
		4386BEE71BEAA46E006BBED4 /* Frameworks */ = {
			isa = PBXFrameworksBuildPhase;
			buildActionMask = 2147483647;
			files = (
				08733204475A4C52AF1254B5 /* Pods.framework in Frameworks */,
			);
			runOnlyForDeploymentPostprocessing = 0;
		};
		4386BEF21BEAA46E006BBED4 /* Frameworks */ = {
			isa = PBXFrameworksBuildPhase;
			buildActionMask = 2147483647;
			files = (
				43820EBE1BEB4EA800D095B8 /* CryptoSwift.framework in Frameworks */,
				4386BEF61BEAA46E006BBED4 /* BitfinexSwiftAPI.framework in Frameworks */,
			);
			runOnlyForDeploymentPostprocessing = 0;
		};
/* End PBXFrameworksBuildPhase section */

/* Begin PBXGroup section */
		434EC3281BEE2C380037A2F3 /* Responses */ = {
			isa = PBXGroup;
			children = (
				43AE1FFA1BF4BAC400F1982E /* Public */,
				434EC3291BEE2C540037A2F3 /* AccountInfoResponse.swift */,
				434EC3381BEE3DA80037A2F3 /* ResponseObjectSerializable.swift */,
				430E9B211BF0EC5200937E34 /* DepositNewResponse.swift */,
			);
			name = Responses;
			sourceTree = "<group>";
		};
		434EC32B1BEE2CAA0037A2F3 /* Serializers */ = {
			isa = PBXGroup;
			children = (
				434EC32C1BEE2CC00037A2F3 /* ResponseSerializers.swift */,
			);
			name = Serializers;
			sourceTree = "<group>";
		};
		434EC3351BEE3BF70037A2F3 /* Errors */ = {
			isa = PBXGroup;
			children = (
				434EC3361BEE3C0A0037A2F3 /* JSONErrors.swift */,
			);
			name = Errors;
			sourceTree = "<group>";
		};
		4386BEE11BEAA46E006BBED4 = {
			isa = PBXGroup;
			children = (
				4386BEED1BEAA46E006BBED4 /* BitfinexSwiftAPI */,
				4386BEF91BEAA46E006BBED4 /* BitfinexSwiftAPITests */,
				4386BEEC1BEAA46E006BBED4 /* Products */,
				49C36AAFBD22D42E4AD6DEEB /* Pods */,
				C5D462C023580576058D30ED /* Frameworks */,
			);
			sourceTree = "<group>";
		};
		4386BEEC1BEAA46E006BBED4 /* Products */ = {
			isa = PBXGroup;
			children = (
				4386BEEB1BEAA46E006BBED4 /* BitfinexSwiftAPI.framework */,
				4386BEF51BEAA46E006BBED4 /* BitfinexSwiftAPITests.xctest */,
			);
			name = Products;
			sourceTree = "<group>";
		};
		4386BEED1BEAA46E006BBED4 /* BitfinexSwiftAPI */ = {
			isa = PBXGroup;
			children = (
				43AE1FF31BF4B87800F1982E /* Routers */,
				434EC3351BEE3BF70037A2F3 /* Errors */,
				434EC32B1BEE2CAA0037A2F3 /* Serializers */,
				434EC3281BEE2C380037A2F3 /* Responses */,
				4386BEEE1BEAA46E006BBED4 /* BitfinexSwiftAPI.h */,
				4386BEF01BEAA46E006BBED4 /* Info.plist */,
				4386BF071BEAA503006BBED4 /* Client.swift */,
				43BD2FD51BEB3D68004131FB /* Stat.swift */,
				434EC3131BED6C230037A2F3 /* OrderType.swift */,
				434EC3151BED6DC10037A2F3 /* TradeType.swift */,
				434EC3171BED6E3B0037A2F3 /* DepositMethod.swift */,
				434EC3191BED6EA10037A2F3 /* WalletType.swift */,
				434EC31B1BED6F980037A2F3 /* OrderSide.swift */,
				434EC31D1BED70900037A2F3 /* FundingDirection.swift */,
				434EC31F1BED91CB0037A2F3 /* Symbol.swift */,
				434EC3261BEE24550037A2F3 /* Extensions.swift */,
				434EC32E1BEE2E520037A2F3 /* Currency.swift */,
				434EC3301BEE2EA20037A2F3 /* Fees.swift */,
				43C38A311BF4DBD00013B6F3 /* Fundingbook.swift */,
				43C38A381BF4F8F20013B6F3 /* Trade.swift */,
			);
			path = BitfinexSwiftAPI;
			sourceTree = "<group>";
		};
		4386BEF91BEAA46E006BBED4 /* BitfinexSwiftAPITests */ = {
			isa = PBXGroup;
			children = (
				4386BEFA1BEAA46E006BBED4 /* BitfinexSwiftAPITests.swift */,
				4386BEFC1BEAA46E006BBED4 /* Info.plist */,
			);
			path = BitfinexSwiftAPITests;
			sourceTree = "<group>";
		};
		43AE1FF31BF4B87800F1982E /* Routers */ = {
			isa = PBXGroup;
			children = (
				434EC3221BED92320037A2F3 /* BitfinexAPI.swift */,
				43AE1FF41BF4B88C00F1982E /* OrdersRouter.swift */,
				43AE1FF61BF4B8C600F1982E /* BitfinexRouters.swift */,
				43AE1FF81BF4B9F500F1982E /* PublicRouter.swift */,
			);
			name = Routers;
			sourceTree = "<group>";
		};
		43AE1FFA1BF4BAC400F1982E /* Public */ = {
			isa = PBXGroup;
			children = (
				4386BF091BEAA515006BBED4 /* TickerResponse.swift */,
				43AE1FFB1BF4D03D00F1982E /* StatsResponse.swift */,
				43C38A2D1BF4D7810013B6F3 /* SymbolsResponse.swift */,
				43C38A2F1BF4DB530013B6F3 /* FundingbookResponse.swift */,
				43C38A331BF4F2E10013B6F3 /* OrderbookResponse.swift */,
				43C38A351BF4F8270013B6F3 /* TradesResponse.swift */,
			);
			name = Public;
			sourceTree = "<group>";
		};
		49C36AAFBD22D42E4AD6DEEB /* Pods */ = {
			isa = PBXGroup;
			children = (
				B72AE5FCEE84EDF49C2EEF6E /* Pods.debug.xcconfig */,
				869F71E4AB198A45D2150D55 /* Pods.release.xcconfig */,
			);
			name = Pods;
			sourceTree = "<group>";
		};
		C5D462C023580576058D30ED /* Frameworks */ = {
			isa = PBXGroup;
			children = (
				43820EBD1BEB4EA800D095B8 /* CryptoSwift.framework */,
				3BE9F1BE205605BB79EEB1CB /* Pods.framework */,
			);
			name = Frameworks;
			sourceTree = "<group>";
		};
/* End PBXGroup section */

/* Begin PBXHeadersBuildPhase section */
		4386BEE81BEAA46E006BBED4 /* Headers */ = {
			isa = PBXHeadersBuildPhase;
			buildActionMask = 2147483647;
			files = (
				4386BEEF1BEAA46E006BBED4 /* BitfinexSwiftAPI.h in Headers */,
			);
			runOnlyForDeploymentPostprocessing = 0;
		};
/* End PBXHeadersBuildPhase section */

/* Begin PBXNativeTarget section */
		4386BEEA1BEAA46E006BBED4 /* BitfinexSwiftAPI */ = {
			isa = PBXNativeTarget;
			buildConfigurationList = 4386BEFF1BEAA46E006BBED4 /* Build configuration list for PBXNativeTarget "BitfinexSwiftAPI" */;
			buildPhases = (
				EBB9CFDF0FB4416F805F6C09 /* Check Pods Manifest.lock */,
				4386BEE61BEAA46E006BBED4 /* Sources */,
				4386BEE71BEAA46E006BBED4 /* Frameworks */,
				4386BEE81BEAA46E006BBED4 /* Headers */,
				4386BEE91BEAA46E006BBED4 /* Resources */,
				DB9D330D9A4BCB5E6F159443 /* Copy Pods Resources */,
			);
			buildRules = (
			);
			dependencies = (
			);
			name = BitfinexSwiftAPI;
			productName = BitfinexSwiftAPI;
			productReference = 4386BEEB1BEAA46E006BBED4 /* BitfinexSwiftAPI.framework */;
			productType = "com.apple.product-type.framework";
		};
		4386BEF41BEAA46E006BBED4 /* BitfinexSwiftAPITests */ = {
			isa = PBXNativeTarget;
			buildConfigurationList = 4386BF021BEAA46E006BBED4 /* Build configuration list for PBXNativeTarget "BitfinexSwiftAPITests" */;
			buildPhases = (
				4386BEF11BEAA46E006BBED4 /* Sources */,
				4386BEF21BEAA46E006BBED4 /* Frameworks */,
				4386BEF31BEAA46E006BBED4 /* Resources */,
			);
			buildRules = (
			);
			dependencies = (
				4386BEF81BEAA46E006BBED4 /* PBXTargetDependency */,
			);
			name = BitfinexSwiftAPITests;
			productName = BitfinexSwiftAPITests;
			productReference = 4386BEF51BEAA46E006BBED4 /* BitfinexSwiftAPITests.xctest */;
			productType = "com.apple.product-type.bundle.unit-test";
		};
/* End PBXNativeTarget section */

/* Begin PBXProject section */
		4386BEE21BEAA46E006BBED4 /* Project object */ = {
			isa = PBXProject;
			attributes = {
				LastSwiftUpdateCheck = 0710;
				LastUpgradeCheck = 0710;
				ORGANIZATIONNAME = DarthRamone;
				TargetAttributes = {
					4386BEEA1BEAA46E006BBED4 = {
						CreatedOnToolsVersion = 7.1;
					};
					4386BEF41BEAA46E006BBED4 = {
						CreatedOnToolsVersion = 7.1;
					};
				};
			};
			buildConfigurationList = 4386BEE51BEAA46E006BBED4 /* Build configuration list for PBXProject "BitfinexSwiftAPI" */;
			compatibilityVersion = "Xcode 3.2";
			developmentRegion = English;
			hasScannedForEncodings = 0;
			knownRegions = (
				en,
			);
			mainGroup = 4386BEE11BEAA46E006BBED4;
			productRefGroup = 4386BEEC1BEAA46E006BBED4 /* Products */;
			projectDirPath = "";
			projectRoot = "";
			targets = (
				4386BEEA1BEAA46E006BBED4 /* BitfinexSwiftAPI */,
				4386BEF41BEAA46E006BBED4 /* BitfinexSwiftAPITests */,
			);
		};
/* End PBXProject section */

/* Begin PBXResourcesBuildPhase section */
		4386BEE91BEAA46E006BBED4 /* Resources */ = {
			isa = PBXResourcesBuildPhase;
			buildActionMask = 2147483647;
			files = (
			);
			runOnlyForDeploymentPostprocessing = 0;
		};
		4386BEF31BEAA46E006BBED4 /* Resources */ = {
			isa = PBXResourcesBuildPhase;
			buildActionMask = 2147483647;
			files = (
			);
			runOnlyForDeploymentPostprocessing = 0;
		};
/* End PBXResourcesBuildPhase section */

/* Begin PBXShellScriptBuildPhase section */
		DB9D330D9A4BCB5E6F159443 /* Copy Pods Resources */ = {
			isa = PBXShellScriptBuildPhase;
			buildActionMask = 2147483647;
			files = (
			);
			inputPaths = (
			);
			name = "Copy Pods Resources";
			outputPaths = (
			);
			runOnlyForDeploymentPostprocessing = 0;
			shellPath = /bin/sh;
			shellScript = "\"${SRCROOT}/Pods/Target Support Files/Pods/Pods-resources.sh\"\n";
			showEnvVarsInLog = 0;
		};
		EBB9CFDF0FB4416F805F6C09 /* Check Pods Manifest.lock */ = {
			isa = PBXShellScriptBuildPhase;
			buildActionMask = 2147483647;
			files = (
			);
			inputPaths = (
			);
			name = "Check Pods Manifest.lock";
			outputPaths = (
			);
			runOnlyForDeploymentPostprocessing = 0;
			shellPath = /bin/sh;
			shellScript = "diff \"${PODS_ROOT}/../Podfile.lock\" \"${PODS_ROOT}/Manifest.lock\" > /dev/null\nif [[ $? != 0 ]] ; then\n    cat << EOM\nerror: The sandbox is not in sync with the Podfile.lock. Run 'pod install' or update your CocoaPods installation.\nEOM\n    exit 1\nfi\n";
			showEnvVarsInLog = 0;
		};
/* End PBXShellScriptBuildPhase section */

/* Begin PBXSourcesBuildPhase section */
		4386BEE61BEAA46E006BBED4 /* Sources */ = {
			isa = PBXSourcesBuildPhase;
			buildActionMask = 2147483647;
			files = (
				43C38A2E1BF4D7810013B6F3 /* SymbolsResponse.swift in Sources */,
				434EC32F1BEE2E520037A2F3 /* Currency.swift in Sources */,
				434EC3161BED6DC10037A2F3 /* TradeType.swift in Sources */,
				434EC32D1BEE2CC00037A2F3 /* ResponseSerializers.swift in Sources */,
				434EC31C1BED6F980037A2F3 /* OrderSide.swift in Sources */,
				434EC3141BED6C230037A2F3 /* OrderType.swift in Sources */,
				4386BF081BEAA503006BBED4 /* Client.swift in Sources */,
				434EC3231BED92320037A2F3 /* BitfinexAPI.swift in Sources */,
				43C38A301BF4DB530013B6F3 /* FundingbookResponse.swift in Sources */,
				43C38A321BF4DBD00013B6F3 /* Fundingbook.swift in Sources */,
				43AE1FFC1BF4D03D00F1982E /* StatsResponse.swift in Sources */,
				434EC3201BED91CB0037A2F3 /* Symbol.swift in Sources */,
				43AE1FF71BF4B8C600F1982E /* BitfinexRouters.swift in Sources */,
				43C38A361BF4F8270013B6F3 /* TradesResponse.swift in Sources */,
				434EC3311BEE2EA20037A2F3 /* Fees.swift in Sources */,
				43AE1FF51BF4B88C00F1982E /* OrdersRouter.swift in Sources */,
				43AE1FF91BF4B9F500F1982E /* PublicRouter.swift in Sources */,
				43BD2FD61BEB3D68004131FB /* Stat.swift in Sources */,
				434EC3391BEE3DA80037A2F3 /* ResponseObjectSerializable.swift in Sources */,
				434EC3371BEE3C0A0037A2F3 /* JSONErrors.swift in Sources */,
				434EC3271BEE24550037A2F3 /* Extensions.swift in Sources */,
				434EC31E1BED70900037A2F3 /* FundingDirection.swift in Sources */,
				434EC32A1BEE2C540037A2F3 /* AccountInfoResponse.swift in Sources */,
				430E9B221BF0EC5200937E34 /* DepositNewResponse.swift in Sources */,
				434EC31A1BED6EA10037A2F3 /* WalletType.swift in Sources */,
				4386BF0A1BEAA515006BBED4 /* TickerResponse.swift in Sources */,
				43C38A341BF4F2E10013B6F3 /* OrderbookResponse.swift in Sources */,
				43C38A391BF4F8F20013B6F3 /* Trade.swift in Sources */,
				434EC3181BED6E3B0037A2F3 /* DepositMethod.swift in Sources */,
			);
			runOnlyForDeploymentPostprocessing = 0;
		};
		4386BEF11BEAA46E006BBED4 /* Sources */ = {
			isa = PBXSourcesBuildPhase;
			buildActionMask = 2147483647;
			files = (
				4386BEFB1BEAA46E006BBED4 /* BitfinexSwiftAPITests.swift in Sources */,
			);
			runOnlyForDeploymentPostprocessing = 0;
		};
/* End PBXSourcesBuildPhase section */

/* Begin PBXTargetDependency section */
		4386BEF81BEAA46E006BBED4 /* PBXTargetDependency */ = {
			isa = PBXTargetDependency;
			target = 4386BEEA1BEAA46E006BBED4 /* BitfinexSwiftAPI */;
			targetProxy = 4386BEF71BEAA46E006BBED4 /* PBXContainerItemProxy */;
		};
/* End PBXTargetDependency section */

/* Begin XCBuildConfiguration section */
		4386BEFD1BEAA46E006BBED4 /* Debug */ = {
			isa = XCBuildConfiguration;
			buildSettings = {
				ALWAYS_SEARCH_USER_PATHS = NO;
				CLANG_CXX_LANGUAGE_STANDARD = "gnu++0x";
				CLANG_CXX_LIBRARY = "libc++";
				CLANG_ENABLE_MODULES = YES;
				CLANG_ENABLE_OBJC_ARC = YES;
				CLANG_WARN_BOOL_CONVERSION = YES;
				CLANG_WARN_CONSTANT_CONVERSION = YES;
				CLANG_WARN_DIRECT_OBJC_ISA_USAGE = YES_ERROR;
				CLANG_WARN_EMPTY_BODY = YES;
				CLANG_WARN_ENUM_CONVERSION = YES;
				CLANG_WARN_INT_CONVERSION = YES;
				CLANG_WARN_OBJC_ROOT_CLASS = YES_ERROR;
				CLANG_WARN_UNREACHABLE_CODE = YES;
				CLANG_WARN__DUPLICATE_METHOD_MATCH = YES;
				CODE_SIGN_IDENTITY = "-";
				COPY_PHASE_STRIP = NO;
				CURRENT_PROJECT_VERSION = 1;
				DEBUG_INFORMATION_FORMAT = dwarf;
				ENABLE_STRICT_OBJC_MSGSEND = YES;
				ENABLE_TESTABILITY = YES;
				GCC_C_LANGUAGE_STANDARD = gnu99;
				GCC_DYNAMIC_NO_PIC = NO;
				GCC_NO_COMMON_BLOCKS = YES;
				GCC_OPTIMIZATION_LEVEL = 0;
				GCC_PREPROCESSOR_DEFINITIONS = (
					"DEBUG=1",
					"$(inherited)",
				);
				GCC_WARN_64_TO_32_BIT_CONVERSION = YES;
				GCC_WARN_ABOUT_RETURN_TYPE = YES_ERROR;
				GCC_WARN_UNDECLARED_SELECTOR = YES;
				GCC_WARN_UNINITIALIZED_AUTOS = YES_AGGRESSIVE;
				GCC_WARN_UNUSED_FUNCTION = YES;
				GCC_WARN_UNUSED_VARIABLE = YES;
				MACOSX_DEPLOYMENT_TARGET = 10.11;
				MTL_ENABLE_DEBUG_INFO = YES;
				ONLY_ACTIVE_ARCH = YES;
				SDKROOT = macosx;
				SWIFT_OPTIMIZATION_LEVEL = "-Onone";
				VERSIONING_SYSTEM = "apple-generic";
				VERSION_INFO_PREFIX = "";
			};
			name = Debug;
		};
		4386BEFE1BEAA46E006BBED4 /* Release */ = {
			isa = XCBuildConfiguration;
			buildSettings = {
				ALWAYS_SEARCH_USER_PATHS = NO;
				CLANG_CXX_LANGUAGE_STANDARD = "gnu++0x";
				CLANG_CXX_LIBRARY = "libc++";
				CLANG_ENABLE_MODULES = YES;
				CLANG_ENABLE_OBJC_ARC = YES;
				CLANG_WARN_BOOL_CONVERSION = YES;
				CLANG_WARN_CONSTANT_CONVERSION = YES;
				CLANG_WARN_DIRECT_OBJC_ISA_USAGE = YES_ERROR;
				CLANG_WARN_EMPTY_BODY = YES;
				CLANG_WARN_ENUM_CONVERSION = YES;
				CLANG_WARN_INT_CONVERSION = YES;
				CLANG_WARN_OBJC_ROOT_CLASS = YES_ERROR;
				CLANG_WARN_UNREACHABLE_CODE = YES;
				CLANG_WARN__DUPLICATE_METHOD_MATCH = YES;
				CODE_SIGN_IDENTITY = "-";
				COPY_PHASE_STRIP = NO;
				CURRENT_PROJECT_VERSION = 1;
				DEBUG_INFORMATION_FORMAT = "dwarf-with-dsym";
				ENABLE_NS_ASSERTIONS = NO;
				ENABLE_STRICT_OBJC_MSGSEND = YES;
				GCC_C_LANGUAGE_STANDARD = gnu99;
				GCC_NO_COMMON_BLOCKS = YES;
				GCC_WARN_64_TO_32_BIT_CONVERSION = YES;
				GCC_WARN_ABOUT_RETURN_TYPE = YES_ERROR;
				GCC_WARN_UNDECLARED_SELECTOR = YES;
				GCC_WARN_UNINITIALIZED_AUTOS = YES_AGGRESSIVE;
				GCC_WARN_UNUSED_FUNCTION = YES;
				GCC_WARN_UNUSED_VARIABLE = YES;
				MACOSX_DEPLOYMENT_TARGET = 10.11;
				MTL_ENABLE_DEBUG_INFO = NO;
				SDKROOT = macosx;
				VERSIONING_SYSTEM = "apple-generic";
				VERSION_INFO_PREFIX = "";
			};
			name = Release;
		};
		4386BF001BEAA46E006BBED4 /* Debug */ = {
			isa = XCBuildConfiguration;
			baseConfigurationReference = B72AE5FCEE84EDF49C2EEF6E /* Pods.debug.xcconfig */;
			buildSettings = {
				CLANG_ENABLE_MODULES = YES;
				COMBINE_HIDPI_IMAGES = YES;
				DEFINES_MODULE = YES;
				DYLIB_COMPATIBILITY_VERSION = 1;
				DYLIB_CURRENT_VERSION = 1;
				DYLIB_INSTALL_NAME_BASE = "@rpath";
				FRAMEWORK_VERSION = A;
				INFOPLIST_FILE = BitfinexSwiftAPI/Info.plist;
				INSTALL_PATH = "$(LOCAL_LIBRARY_DIR)/Frameworks";
				LD_RUNPATH_SEARCH_PATHS = "$(inherited) @executable_path/../Frameworks @loader_path/Frameworks";
				PRODUCT_BUNDLE_IDENTIFIER = darthramone.BitfinexSwiftAPI;
				PRODUCT_NAME = "$(TARGET_NAME)";
				SKIP_INSTALL = YES;
				SWIFT_OBJC_BRIDGING_HEADER = "";
				SWIFT_OPTIMIZATION_LEVEL = "-Onone";
			};
			name = Debug;
		};
		4386BF011BEAA46E006BBED4 /* Release */ = {
			isa = XCBuildConfiguration;
			baseConfigurationReference = 869F71E4AB198A45D2150D55 /* Pods.release.xcconfig */;
			buildSettings = {
				CLANG_ENABLE_MODULES = YES;
				COMBINE_HIDPI_IMAGES = YES;
				DEFINES_MODULE = YES;
				DYLIB_COMPATIBILITY_VERSION = 1;
				DYLIB_CURRENT_VERSION = 1;
				DYLIB_INSTALL_NAME_BASE = "@rpath";
				FRAMEWORK_VERSION = A;
				INFOPLIST_FILE = BitfinexSwiftAPI/Info.plist;
				INSTALL_PATH = "$(LOCAL_LIBRARY_DIR)/Frameworks";
				LD_RUNPATH_SEARCH_PATHS = "$(inherited) @executable_path/../Frameworks @loader_path/Frameworks";
				PRODUCT_BUNDLE_IDENTIFIER = darthramone.BitfinexSwiftAPI;
				PRODUCT_NAME = "$(TARGET_NAME)";
				SKIP_INSTALL = YES;
				SWIFT_OBJC_BRIDGING_HEADER = "";
			};
			name = Release;
		};
		4386BF031BEAA46E006BBED4 /* Debug */ = {
			isa = XCBuildConfiguration;
			buildSettings = {
				COMBINE_HIDPI_IMAGES = YES;
				INFOPLIST_FILE = BitfinexSwiftAPITests/Info.plist;
				LD_RUNPATH_SEARCH_PATHS = "$(inherited) @executable_path/../Frameworks @loader_path/../Frameworks";
				PRODUCT_BUNDLE_IDENTIFIER = darthramone.BitfinexSwiftAPITests;
				PRODUCT_NAME = "$(TARGET_NAME)";
			};
			name = Debug;
		};
		4386BF041BEAA46E006BBED4 /* Release */ = {
			isa = XCBuildConfiguration;
			buildSettings = {
				COMBINE_HIDPI_IMAGES = YES;
				INFOPLIST_FILE = BitfinexSwiftAPITests/Info.plist;
				LD_RUNPATH_SEARCH_PATHS = "$(inherited) @executable_path/../Frameworks @loader_path/../Frameworks";
				PRODUCT_BUNDLE_IDENTIFIER = darthramone.BitfinexSwiftAPITests;
				PRODUCT_NAME = "$(TARGET_NAME)";
			};
			name = Release;
		};
/* End XCBuildConfiguration section */

/* Begin XCConfigurationList section */
		4386BEE51BEAA46E006BBED4 /* Build configuration list for PBXProject "BitfinexSwiftAPI" */ = {
			isa = XCConfigurationList;
			buildConfigurations = (
				4386BEFD1BEAA46E006BBED4 /* Debug */,
				4386BEFE1BEAA46E006BBED4 /* Release */,
			);
			defaultConfigurationIsVisible = 0;
			defaultConfigurationName = Release;
		};
		4386BEFF1BEAA46E006BBED4 /* Build configuration list for PBXNativeTarget "BitfinexSwiftAPI" */ = {
			isa = XCConfigurationList;
			buildConfigurations = (
				4386BF001BEAA46E006BBED4 /* Debug */,
				4386BF011BEAA46E006BBED4 /* Release */,
			);
			defaultConfigurationIsVisible = 0;
			defaultConfigurationName = Release;
		};
		4386BF021BEAA46E006BBED4 /* Build configuration list for PBXNativeTarget "BitfinexSwiftAPITests" */ = {
			isa = XCConfigurationList;
			buildConfigurations = (
				4386BF031BEAA46E006BBED4 /* Debug */,
				4386BF041BEAA46E006BBED4 /* Release */,
			);
			defaultConfigurationIsVisible = 0;
			defaultConfigurationName = Release;
		};
/* End XCConfigurationList section */
	};
	rootObject = 4386BEE21BEAA46E006BBED4 /* Project object */;
}
